
Microsoft Visual Studio Solution File, Format Version 12.00
# Visual Studio Version 17
VisualStudioVersion = 17.0.31903.59
MinimumVisualStudioVersion = 10.0.40219.1
Project("{2150E333-8FDC-42A3-9474-1A3956D46DE8}") = "tests", "tests", "{1859FE36-1648-40E1-B445-0C588F94D678}"
EndProject
Project("{2150E333-8FDC-42A3-9474-1A3956D46DE8}") = "src", "src", "{4B47AA95-9910-445E-B293-41AB3C457D8C}"
EndProject
Project("{9A19103F-16F7-4668-BE54-9A1E7A4F7556}") = "Restaurants.API", "src\Restaurants.API\Restaurants.API.csproj", "{36DB834D-A3A2-40A6-9917-F7726B1D4C8F}"
EndProject
Project("{9A19103F-16F7-4668-BE54-9A1E7A4F7556}") = "Restaurants.Application", "src\Restaurants.Application\Restaurants.Application.csproj", "{DA65DEAC-49B9-46D7-A7AC-93503C6EE1A4}"
EndProject
Project("{9A19103F-16F7-4668-BE54-9A1E7A4F7556}") = "Restaurants.Domain", "src\Restaurants.Domain\Restaurants.Domain.csproj", "{9ED310A1-481F-4FE4-A583-AF76BEF81EEE}"
EndProject
Project("{9A19103F-16F7-4668-BE54-9A1E7A4F7556}") = "Restaurants.Infrastructure", "src\Restaurants.Infrastructure\Restaurants.Infrastructure.csproj", "{3E323E31-9514-496F-9E99-DFED923D32C2}"
EndProject
Project("{9A19103F-16F7-4668-BE54-9A1E7A4F7556}") = "Restaurants.API.Tests", "tests\Restaurants.API.Tests\Restaurants.API.Tests.csproj", "{0AC8B512-3878-4122-9DAA-84E6722A093F}"
EndProject
Project("{9A19103F-16F7-4668-BE54-9A1E7A4F7556}") = "Restaurants.Application.Tests", "tests\Restaurants.Application.Tests\Restaurants.Application.Tests.csproj", "{A0EED19C-7EB9-4BCB-9DD2-265E27FD9117}"
EndProject
Project("{9A19103F-16F7-4668-BE54-9A1E7A4F7556}") = "Restaurants.Infrastructure.Tests", "tests\Restaurants.Infrastructure.Tests\Restaurants.Infrastructure.Tests.csproj", "{F90750B5-7594-447A-B159-BE1EA809C537}"
EndProject
Global
	GlobalSection(SolutionConfigurationPlatforms) = preSolution
		Debug|Any CPU = Debug|Any CPU
		Release|Any CPU = Release|Any CPU
	EndGlobalSection
	GlobalSection(ProjectConfigurationPlatforms) = postSolution
		{36DB834D-A3A2-40A6-9917-F7726B1D4C8F}.Debug|Any CPU.ActiveCfg = Debug|Any CPU
		{36DB834D-A3A2-40A6-9917-F7726B1D4C8F}.Debug|Any CPU.Build.0 = Debug|Any CPU
		{36DB834D-A3A2-40A6-9917-F7726B1D4C8F}.Release|Any CPU.ActiveCfg = Release|Any CPU
		{36DB834D-A3A2-40A6-9917-F7726B1D4C8F}.Release|Any CPU.Build.0 = Release|Any CPU
		{DA65DEAC-49B9-46D7-A7AC-93503C6EE1A4}.Debug|Any CPU.ActiveCfg = Debug|Any CPU
		{DA65DEAC-49B9-46D7-A7AC-93503C6EE1A4}.Debug|Any CPU.Build.0 = Debug|Any CPU
		{DA65DEAC-49B9-46D7-A7AC-93503C6EE1A4}.Release|Any CPU.ActiveCfg = Release|Any CPU
		{DA65DEAC-49B9-46D7-A7AC-93503C6EE1A4}.Release|Any CPU.Build.0 = Release|Any CPU
		{9ED310A1-481F-4FE4-A583-AF76BEF81EEE}.Debug|Any CPU.ActiveCfg = Debug|Any CPU
		{9ED310A1-481F-4FE4-A583-AF76BEF81EEE}.Debug|Any CPU.Build.0 = Debug|Any CPU
		{9ED310A1-481F-4FE4-A583-AF76BEF81EEE}.Release|Any CPU.ActiveCfg = Release|Any CPU
		{9ED310A1-481F-4FE4-A583-AF76BEF81EEE}.Release|Any CPU.Build.0 = Release|Any CPU
		{3E323E31-9514-496F-9E99-DFED923D32C2}.Debug|Any CPU.ActiveCfg = Debug|Any CPU
		{3E323E31-9514-496F-9E99-DFED923D32C2}.Debug|Any CPU.Build.0 = Debug|Any CPU
		{3E323E31-9514-496F-9E99-DFED923D32C2}.Release|Any CPU.ActiveCfg = Release|Any CPU
		{3E323E31-9514-496F-9E99-DFED923D32C2}.Release|Any CPU.Build.0 = Release|Any CPU
		{0AC8B512-3878-4122-9DAA-84E6722A093F}.Debug|Any CPU.ActiveCfg = Debug|Any CPU
		{0AC8B512-3878-4122-9DAA-84E6722A093F}.Debug|Any CPU.Build.0 = Debug|Any CPU
		{0AC8B512-3878-4122-9DAA-84E6722A093F}.Release|Any CPU.ActiveCfg = Release|Any CPU
		{0AC8B512-3878-4122-9DAA-84E6722A093F}.Release|Any CPU.Build.0 = Release|Any CPU
		{A0EED19C-7EB9-4BCB-9DD2-265E27FD9117}.Debug|Any CPU.ActiveCfg = Debug|Any CPU
		{A0EED19C-7EB9-4BCB-9DD2-265E27FD9117}.Debug|Any CPU.Build.0 = Debug|Any CPU
		{A0EED19C-7EB9-4BCB-9DD2-265E27FD9117}.Release|Any CPU.ActiveCfg = Release|Any CPU
		{A0EED19C-7EB9-4BCB-9DD2-265E27FD9117}.Release|Any CPU.Build.0 = Release|Any CPU
		{F90750B5-7594-447A-B159-BE1EA809C537}.Debug|Any CPU.ActiveCfg = Debug|Any CPU
		{F90750B5-7594-447A-B159-BE1EA809C537}.Debug|Any CPU.Build.0 = Debug|Any CPU
		{F90750B5-7594-447A-B159-BE1EA809C537}.Release|Any CPU.ActiveCfg = Release|Any CPU
		{F90750B5-7594-447A-B159-BE1EA809C537}.Release|Any CPU.Build.0 = Release|Any CPU
	EndGlobalSection
	GlobalSection(SolutionProperties) = preSolution
		HideSolutionNode = FALSE
	EndGlobalSection
	GlobalSection(NestedProjects) = preSolution
		{36DB834D-A3A2-40A6-9917-F7726B1D4C8F} = {4B47AA95-9910-445E-B293-41AB3C457D8C}
		{DA65DEAC-49B9-46D7-A7AC-93503C6EE1A4} = {4B47AA95-9910-445E-B293-41AB3C457D8C}
		{9ED310A1-481F-4FE4-A583-AF76BEF81EEE} = {4B47AA95-9910-445E-B293-41AB3C457D8C}
		{3E323E31-9514-496F-9E99-DFED923D32C2} = {4B47AA95-9910-445E-B293-41AB3C457D8C}
		{0AC8B512-3878-4122-9DAA-84E6722A093F} = {1859FE36-1648-40E1-B445-0C588F94D678}
		{A0EED19C-7EB9-4BCB-9DD2-265E27FD9117} = {1859FE36-1648-40E1-B445-0C588F94D678}
		{F90750B5-7594-447A-B159-BE1EA809C537} = {1859FE36-1648-40E1-B445-0C588F94D678}
	EndGlobalSection
	GlobalSection(ExtensibilityGlobals) = postSolution
		SolutionGuid = {FE6671BD-920B-4F22-98B5-0DC3489D109C}
	EndGlobalSection
EndGlobal
